
Microsoft Visual Studio Solution File, Format Version 12.00
# Visual Studio Version 17
VisualStudioVersion = 17.5.002.0
MinimumVisualStudioVersion = 10.0.40219.1
Project("{9A19103F-16F7-4668-BE54-9A1E7A4F7556}") = "maior2numeros", "maior2numeros.csproj", "{E20944A0-EB04-40C2-B998-B34C32181E10}"
EndProject
Global
	GlobalSection(SolutionConfigurationPlatforms) = preSolution
		Debug|Any CPU = Debug|Any CPU
		Release|Any CPU = Release|Any CPU
	EndGlobalSection
	GlobalSection(ProjectConfigurationPlatforms) = postSolution
		{E20944A0-EB04-40C2-B998-B34C32181E10}.Debug|Any CPU.ActiveCfg = Debug|Any CPU
		{E20944A0-EB04-40C2-B998-B34C32181E10}.Debug|Any CPU.Build.0 = Debug|Any CPU
		{E20944A0-EB04-40C2-B998-B34C32181E10}.Release|Any CPU.ActiveCfg = Release|Any CPU
		{E20944A0-EB04-40C2-B998-B34C32181E10}.Release|Any CPU.Build.0 = Release|Any CPU
	EndGlobalSection
	GlobalSection(SolutionProperties) = preSolution
		HideSolutionNode = FALSE
	EndGlobalSection
	GlobalSection(ExtensibilityGlobals) = postSolution
		SolutionGuid = {D2D11C85-44D7-4A4B-8C04-36ADB28E2CAA}
	EndGlobalSection
EndGlobal
